{
  "nodes": {
    "crane": {
      "locked": {
        "lastModified": 1771438068,
        "narHash": "sha256-nGBbXvEZVe/egCPVPFcu89RFtd8Rf6J+4RFoVCFec0A=",
        "owner": "ipetkov",
        "repo": "crane",
        "rev": "b5090e53e9d68c523a4bb9ad42b4737ee6747597",
        "type": "github"
      },
      "original": {
        "owner": "ipetkov",
        "repo": "crane",
        "type": "github"
      }
    },
    "nixpkgs": {
      "locked": {
        "lastModified": 1771207753,
        "narHash": "sha256-b9uG8yN50DRQ6A7JdZBfzq718ryYrlmGgqkRm9OOwCE=",
        "owner": "NixOS",
        "repo": "nixpkgs",
        "rev": "d1c15b7d5806069da59e819999d70e1cec0760bf",
        "type": "github"
      },
      "original": {
        "owner": "NixOS",
        "ref": "nixpkgs-unstable",
        "repo": "nixpkgs",
        "type": "github"
      }
    },
    "nixpkgs-linux": {
      "locked": {
        "lastModified": 1771207753,
        "narHash": "sha256-b9uG8yN50DRQ6A7JdZBfzq718ryYrlmGgqkRm9OOwCE=",
        "owner": "NixOS",
        "repo": "nixpkgs",
        "rev": "d1c15b7d5806069da59e819999d70e1cec0760bf",
        "type": "github"
      },
      "original": {
        "owner": "NixOS",
        "ref": "nixpkgs-unstable",
        "repo": "nixpkgs",
        "type": "github"
      }
    },
    "nur-packages": {
      "inputs": {
        "crane": "crane",
        "nixpkgs": [
          "nixpkgs"
        ]
      },
      "locked": {
        "lastModified": 1771688416,
        "narHash": "sha256-Jn+RRoRJ07S25l6ByBDY0uTOyvaHDSib4VR9+9lFYhQ=",
        "owner": "takeokunn",
        "repo": "nur-packages",
        "rev": "943bf8187e1bf1fe2da689d3bb630d984344fecb",
        "type": "github"
      },
      "original": {
        "owner": "takeokunn",
        "repo": "nur-packages",
        "type": "github"
      }
    },
    "root": {
      "inputs": {
        "nixpkgs": "nixpkgs",
        "nixpkgs-linux": "nixpkgs-linux",
        "nur-packages": "nur-packages"
      }
    }
  },
  "root": "root",
  "version": 7
}
