{
  "nodes": {
    "crane": {
      "locked": {
        "lastModified": 1780532242,
        "narHash": "sha256-D+BsdpxmtUwtqGoY0IXPhHgTlmqgcZKCEo1oMyn7ep0=",
        "owner": "ipetkov",
        "repo": "crane",
        "rev": "59a82a1222dd3b2080b5cc52a1a2e8d5f1b77f37",
        "type": "github"
      },
      "original": {
        "owner": "ipetkov",
        "repo": "crane",
        "type": "github"
      }
    },
    "nix-darwin": {
      "inputs": {
        "nixpkgs": [
          "nixpkgs"
        ]
      },
      "locked": {
        "lastModified": 1781242433,
        "narHash": "sha256-bchLZZ3sRn740zyvD2icZSnNoTaanN0nw7l6fjVXO+E=",
        "owner": "nix-darwin",
        "repo": "nix-darwin",
        "rev": "aabb2037edfc0f210723b72cd5f528aab5dd3f0b",
        "type": "github"
      },
      "original": {
        "owner": "nix-darwin",
        "repo": "nix-darwin",
        "type": "github"
      }
    },
    "nixpkgs": {
      "locked": {
        "lastModified": 1781268102,
        "narHash": "sha256-Zn5KTggEmUB3lXn/ccERNcBdddE6IaOFber9dWViWDg=",
        "owner": "NixOS",
        "repo": "nixpkgs",
        "rev": "49a4bd0573c376468dd7996ddb6f9fa31d8c4d97",
        "type": "github"
      },
      "original": {
        "owner": "NixOS",
        "ref": "nixpkgs-unstable",
        "repo": "nixpkgs",
        "type": "github"
      }
    },
    "nixpkgs-linux": {
      "locked": {
        "lastModified": 1781268102,
        "narHash": "sha256-Zn5KTggEmUB3lXn/ccERNcBdddE6IaOFber9dWViWDg=",
        "owner": "NixOS",
        "repo": "nixpkgs",
        "rev": "49a4bd0573c376468dd7996ddb6f9fa31d8c4d97",
        "type": "github"
      },
      "original": {
        "owner": "NixOS",
        "ref": "nixpkgs-unstable",
        "repo": "nixpkgs",
        "type": "github"
      }
    },
    "nur-packages": {
      "inputs": {
        "crane": "crane",
        "nixpkgs": [
          "nixpkgs"
        ]
      },
      "locked": {
        "lastModified": 1781368756,
        "narHash": "sha256-txdlGOIX2vZ4JpJmfRs+JJAeAEIC5jlIRGjQ+fBTie8=",
        "owner": "takeokunn",
        "repo": "nur-packages",
        "rev": "c7d153b1aafc08793f00fab23e5b861a3f95595d",
        "type": "github"
      },
      "original": {
        "owner": "takeokunn",
        "repo": "nur-packages",
        "type": "github"
      }
    },
    "root": {
      "inputs": {
        "nix-darwin": "nix-darwin",
        "nixpkgs": "nixpkgs",
        "nixpkgs-linux": "nixpkgs-linux",
        "nur-packages": "nur-packages"
      }
    }
  },
  "root": "root",
  "version": 7
}
